
Microsoft Visual Studio Solution File, Format Version 12.00
# Visual Studio Version 16
VisualStudioVersion = 16.0.31321.278
MinimumVisualStudioVersion = 10.0.40219.1
Project("{9A19103F-16F7-4668-BE54-9A1E7A4F7556}") = "DakarRally", "DakarRally\DakarRally.csproj", "{540561BA-FD87-4EEF-9FC5-70E6F5862DA8}"
EndProject
Project("{9A19103F-16F7-4668-BE54-9A1E7A4F7556}") = "DakarRallyApi", "DakarRallyApi\DakarRallyApi.csproj", "{33F86FD1-1DCA-44E8-BCF5-9148B76BC0AA}"
EndProject
Project("{9A19103F-16F7-4668-BE54-9A1E7A4F7556}") = "DakarRallyDb", "DakarRallyDb\DakarRallyDb.csproj", "{1F87226E-2AAF-4DEA-A43E-634D4A18F9FB}"
EndProject
Global
	GlobalSection(SolutionConfigurationPlatforms) = preSolution
		Debug|Any CPU = Debug|Any CPU
		Release|Any CPU = Release|Any CPU
	EndGlobalSection
	GlobalSection(ProjectConfigurationPlatforms) = postSolution
		{540561BA-FD87-4EEF-9FC5-70E6F5862DA8}.Debug|Any CPU.ActiveCfg = Debug|Any CPU
		{540561BA-FD87-4EEF-9FC5-70E6F5862DA8}.Debug|Any CPU.Build.0 = Debug|Any CPU
		{540561BA-FD87-4EEF-9FC5-70E6F5862DA8}.Release|Any CPU.ActiveCfg = Release|Any CPU
		{540561BA-FD87-4EEF-9FC5-70E6F5862DA8}.Release|Any CPU.Build.0 = Release|Any CPU
		{33F86FD1-1DCA-44E8-BCF5-9148B76BC0AA}.Debug|Any CPU.ActiveCfg = Debug|Any CPU
		{33F86FD1-1DCA-44E8-BCF5-9148B76BC0AA}.Debug|Any CPU.Build.0 = Debug|Any CPU
		{33F86FD1-1DCA-44E8-BCF5-9148B76BC0AA}.Release|Any CPU.ActiveCfg = Release|Any CPU
		{33F86FD1-1DCA-44E8-BCF5-9148B76BC0AA}.Release|Any CPU.Build.0 = Release|Any CPU
		{1F87226E-2AAF-4DEA-A43E-634D4A18F9FB}.Debug|Any CPU.ActiveCfg = Debug|Any CPU
		{1F87226E-2AAF-4DEA-A43E-634D4A18F9FB}.Debug|Any CPU.Build.0 = Debug|Any CPU
		{1F87226E-2AAF-4DEA-A43E-634D4A18F9FB}.Release|Any CPU.ActiveCfg = Release|Any CPU
		{1F87226E-2AAF-4DEA-A43E-634D4A18F9FB}.Release|Any CPU.Build.0 = Release|Any CPU
	EndGlobalSection
	GlobalSection(SolutionProperties) = preSolution
		HideSolutionNode = FALSE
	EndGlobalSection
	GlobalSection(ExtensibilityGlobals) = postSolution
		SolutionGuid = {751862D1-48AE-44FA-9532-B5B5CDC48CEB}
	EndGlobalSection
EndGlobal
